
Microsoft Visual Studio Solution File, Format Version 12.00
# Visual Studio Version 16
VisualStudioVersion = 16.0.29728.190
MinimumVisualStudioVersion = 10.0.40219.1
Project("{9A19103F-16F7-4668-BE54-9A1E7A4F7556}") = "Parcial1-PA2", "Parcial1-PA2.csproj", "{316FA590-864A-420B-AD18-AFCFAC3FF614}"
EndProject
Global
	GlobalSection(SolutionConfigurationPlatforms) = preSolution
		Debug|Any CPU = Debug|Any CPU
		Release|Any CPU = Release|Any CPU
	EndGlobalSection
	GlobalSection(ProjectConfigurationPlatforms) = postSolution
		{316FA590-864A-420B-AD18-AFCFAC3FF614}.Debug|Any CPU.ActiveCfg = Debug|Any CPU
		{316FA590-864A-420B-AD18-AFCFAC3FF614}.Debug|Any CPU.Build.0 = Debug|Any CPU
		{316FA590-864A-420B-AD18-AFCFAC3FF614}.Release|Any CPU.ActiveCfg = Release|Any CPU
		{316FA590-864A-420B-AD18-AFCFAC3FF614}.Release|Any CPU.Build.0 = Release|Any CPU
	EndGlobalSection
	GlobalSection(SolutionProperties) = preSolution
		HideSolutionNode = FALSE
	EndGlobalSection
	GlobalSection(ExtensibilityGlobals) = postSolution
		SolutionGuid = {CB9921A1-7E07-44CE-A80C-8E8AB65137EA}
	EndGlobalSection
EndGlobal
